SITE
  remote: http://community.opscode.com/api/v1
  specs:
    apache2 (1.6.2)
    apt (1.9.2)
    ark (0.1.0)
    bluepill (2.2.2)
      rsyslog (>= 0.0.0)
    build-essential (1.4.0)
    chef_gem (0.1.0)
    chef_handler (1.1.4)
    couchdb (2.4.0)
      erlang (>= 0.0.0)
      yum (>= 0.0.0)
    dmg (1.1.0)
    erlang (1.3.0)
      apt (>= 1.7.0)
      build-essential (>= 0.0.0)
      yum (>= 0.5.0)
    git (2.5.0)
      build-essential (>= 0.0.0)
      dmg (>= 0.0.0)
      runit (>= 1.0)
      windows (>= 0.0.0)
      yum (>= 0.0.0)
    imagemagick (0.2.2)
    java (1.11.4)
      windows (>= 0.0.0)
    memcached (1.3.0)
      runit (~> 1.0)
      yum (>= 0.0.0)
    rsyslog (1.6.0)
    runit (1.1.4)
      build-essential (>= 0.0.0)
      yum (>= 0.0.0)
    unicorn (1.2.2)
    windows (1.8.10)
      chef_handler (>= 0.0.0)
    yum (2.2.2)

GIT
  remote: git://github.com/dmytro/chef-redis.git
  ref: master
  sha: bd048ef4e397ab88edbb7974a9be3550c91eaf73
  specs:
    redis (0.0.4)

GIT
  remote: git://github.com/dmytro/nginx.git
  ref: master
  sha: a14921ad565ce80654efa454c8a8dcb888d9b59e
  specs:
    nginx (0.99.2)
      bluepill (>= 0.0.0)
      build-essential (>= 0.0.0)
      runit (>= 0.0.0)

GIT
  remote: git://github.com/fnichol/chef-rvm.git
  ref: master
  sha: 7038fb8c518d0d7785767de215b1ae463f237973
  specs:
    rvm (0.9.1)
      chef_gem (>= 0.0.0)

GIT
  remote: git@github.com:dmytro/git_committer.git
  ref: master
  sha: 9ccd6626ff1c9f6fc4c2bac53cf8249ddb53e33b
  specs:
    git_committer (0.0.2)

GIT
  remote: git@github.com:dmytro/github_keys.git
  ref: master
  sha: 65ac941221225c02d15c1910a71378f7b6769d24
  specs:
    github_keys (0.0.2)

GIT
  remote: git@github.com:dmytro/munin-solo.git
  ref: master
  sha: 95d05e548a5fcfdcc4012c15119424a6652e0dd7
  specs:
    munin (1.0.3)
      apache2 (>= 1.0.6)
      nginx (>= 0.0.0)

GIT
  remote: git@github.com:elasticsearch/cookbook-elasticsearch.git
  ref: master
  sha: d9aed1b198f1f7abf4840c612c382071e6418d61
  specs:
    elasticsearch (0.2.7)
      ark (>= 0.0.0)

GIT
  remote: https://github.com/Nextfave/cookbooks.git
  ref: master
  sha: 4f11dc07c156d52901674c8ad12a1d88b8f49a6b
  specs:
    wkhtmltopdf (0.1.0)

GIT
  remote: https://github.com/edelight/chef-solo-search.git
  ref: master
  sha: 1f79c1d86e85aa3a2b01e15f90755cf60eb66a4f
  specs:
    chef-solo-search (0.4.0)

DEPENDENCIES
  apache2 (>= 1.0.0)
  build-essential (>= 0)
  chef-solo-search (~> 0.4.0)
  couchdb (>= 0)
  elasticsearch (>= 0)
  erlang (>= 0)
  git (>= 0)
  git_committer (>= 0)
  github_keys (~> 0.0.2)
  imagemagick (>= 0)
  java (>= 0)
  memcached (>= 0)
  munin (>= 0)
  nginx (>= 0)
  redis (>= 0)
  rvm (>= 0)
  unicorn (>= 0)
  wkhtmltopdf (>= 0)

