SITE
  remote: http://community.opscode.com/api/v1
  specs:
    apache2 (1.1.12)
    bluepill (1.0.6)
    runit (0.15.0)
    yum (0.6.2)

GIT
  remote: git://github.com/fnichol/chef-rvm.git
  ref: master
  sha: 6411f1194c2f57dc2578e87d9ca89199561512dd
  specs:
    rvm (0.9.1)

GIT
  remote: git@github.com:dmytro/github_keys.git
  ref: master
  sha: 3293fd5eba4da3033cfb25140e1ee1fd59bc2f59
  specs:
    github_keys (0.0.1)

GIT
  remote: git@github.com:dmytro/munin-solo.git
  ref: master
  sha: c2b56dafc99f4767ceac55e59f5779c6b43d9b26
  specs:
    munin (1.0.3)
      apache2 (>= 1.0.6)
      nginx (>= 0.0.0)

GIT
  remote: https://github.com/Nextfave/cookbooks.git
  ref: master
  sha: 4f11dc07c156d52901674c8ad12a1d88b8f49a6b
  specs:
    wkhtmltopdf (0.1.0)

GIT
  remote: https://github.com/opscode/cookbooks
  ref: master
  sha: a5c066452e2ec73da20dc50e933177b31a1224bd
  specs:
    build-essential (1.0.0)
    couchdb (1.0.0)
      erlang (>= 0.0.0)
    erlang (1.0.0)
      yum (>= 0.5.0)
    git (0.10.0)
      runit (>= 0.0.0)
      yum (>= 0.0.0)
    nginx (0.100.2)
      bluepill (>= 0.0.0)
      build-essential (>= 0.0.0)
      runit (>= 0.0.0)
    unicorn (1.0.0)

GIT
  remote: https://github.com/scalarium/example-cookbooks
  ref: master
  sha: 56f5f0495529dc03e6145b33d4fe677a6ee542af
  specs:
    redis (0.1.0)

DEPENDENCIES
  apache2 (>= 1.0.0)
  build-essential (>= 0)
  couchdb (>= 0)
  erlang (>= 0)
  git (>= 0)
  github_keys (>= 0)
  munin (>= 0)
  nginx (>= 0)
  redis (>= 0)
  rvm (>= 0)
  unicorn (>= 0)
  wkhtmltopdf (>= 0)

